
Microsoft Visual Studio Solution File, Format Version 12.00
# Visual Studio Version 16
VisualStudioVersion = 16.0.29215.179
MinimumVisualStudioVersion = 10.0.40219.1
Project("{8BC9CEB8-8B4A-11D0-8D11-00A0C91BC942}") = "student", "student.vcxproj", "{7FEBE2A6-D782-4267-9D34-EA5C2095C2A2}"
EndProject
Global
	GlobalSection(SolutionConfigurationPlatforms) = preSolution
		Debug|x64 = Debug|x64
		Debug|x86 = Debug|x86
		Release|x64 = Release|x64
		Release|x86 = Release|x86
	EndGlobalSection
	GlobalSection(ProjectConfigurationPlatforms) = postSolution
		{7FEBE2A6-D782-4267-9D34-EA5C2095C2A2}.Debug|x64.ActiveCfg = Debug|x64
		{7FEBE2A6-D782-4267-9D34-EA5C2095C2A2}.Debug|x64.Build.0 = Debug|x64
		{7FEBE2A6-D782-4267-9D34-EA5C2095C2A2}.Debug|x86.ActiveCfg = Debug|Win32
		{7FEBE2A6-D782-4267-9D34-EA5C2095C2A2}.Debug|x86.Build.0 = Debug|Win32
		{7FEBE2A6-D782-4267-9D34-EA5C2095C2A2}.Release|x64.ActiveCfg = Release|x64
		{7FEBE2A6-D782-4267-9D34-EA5C2095C2A2}.Release|x64.Build.0 = Release|x64
		{7FEBE2A6-D782-4267-9D34-EA5C2095C2A2}.Release|x86.ActiveCfg = Release|Win32
		{7FEBE2A6-D782-4267-9D34-EA5C2095C2A2}.Release|x86.Build.0 = Release|Win32
	EndGlobalSection
	GlobalSection(SolutionProperties) = preSolution
		HideSolutionNode = FALSE
	EndGlobalSection
	GlobalSection(ExtensibilityGlobals) = postSolution
		SolutionGuid = {FB95CB34-B26A-41B9-99A6-D60789318DE7}
	EndGlobalSection
EndGlobal
